// !$*UTF8*$!
{
	archiveVersion = 1;
	classes = {
	};
	objectVersion = 50;
	objects = {

/* Begin PBXBuildFile section */
		D907EEDF22A5EC81003CB080 /* AppDelegate.swift in Sources */ = {isa = PBXBuildFile; fileRef = D907EEDE22A5EC81003CB080 /* AppDelegate.swift */; };
		D907EEE122A5EC81003CB080 /* ViewController.swift in Sources */ = {isa = PBXBuildFile; fileRef = D907EEE022A5EC81003CB080 /* ViewController.swift */; };
		D907EEE422A5EC81003CB080 /* Main.storyboard in Resources */ = {isa = PBXBuildFile; fileRef = D907EEE222A5EC81003CB080 /* Main.storyboard */; };
		D907EEE722A5EC81003CB080 /* spotify_ios_quick_start.xcdatamodeld in Sources */ = {isa = PBXBuildFile; fileRef = D907EEE522A5EC81003CB080 /* spotify_ios_quick_start.xcdatamodeld */; };
		D907EEE922A5EC83003CB080 /* Assets.xcassets in Resources */ = {isa = PBXBuildFile; fileRef = D907EEE822A5EC83003CB080 /* Assets.xcassets */; };
		D907EEEC22A5EC83003CB080 /* LaunchScreen.storyboard in Resources */ = {isa = PBXBuildFile; fileRef = D907EEEA22A5EC83003CB080 /* LaunchScreen.storyboard */; };
/* End PBXBuildFile section */

/* Begin PBXFileReference section */
		D907EEDB22A5EC81003CB080 /* spotify-ios-quick-start.app */ = {isa = PBXFileReference; explicitFileType = wrapper.application; includeInIndex = 0; path = "spotify-ios-quick-start.app"; sourceTree = BUILT_PRODUCTS_DIR; };
		D907EEDE22A5EC81003CB080 /* AppDelegate.swift */ = {isa = PBXFileReference; lastKnownFileType = sourcecode.swift; path = AppDelegate.swift; sourceTree = "<group>"; };
		D907EEE022A5EC81003CB080 /* ViewController.swift */ = {isa = PBXFileReference; lastKnownFileType = sourcecode.swift; path = ViewController.swift; sourceTree = "<group>"; };
		D907EEE322A5EC81003CB080 /* Base */ = {isa = PBXFileReference; lastKnownFileType = file.storyboard; name = Base; path = Base.lproj/Main.storyboard; sourceTree = "<group>"; };
		D907EEE622A5EC81003CB080 /* spotify_ios_quick_start.xcdatamodel */ = {isa = PBXFileReference; lastKnownFileType = wrapper.xcdatamodel; path = spotify_ios_quick_start.xcdatamodel; sourceTree = "<group>"; };
		D907EEE822A5EC83003CB080 /* Assets.xcassets */ = {isa = PBXFileReference; lastKnownFileType = folder.assetcatalog; path = Assets.xcassets; sourceTree = "<group>"; };
		D907EEEB22A5EC83003CB080 /* Base */ = {isa = PBXFileReference; lastKnownFileType = file.storyboard; name = Base; path = Base.lproj/LaunchScreen.storyboard; sourceTree = "<group>"; };
		D907EEED22A5EC83003CB080 /* Info.plist */ = {isa = PBXFileReference; lastKnownFileType = text.plist.xml; path = Info.plist; sourceTree = "<group>"; };
/* End PBXFileReference section */

/* Begin PBXFrameworksBuildPhase section */
		D907EED822A5EC81003CB080 /* Frameworks */ = {
			isa = PBXFrameworksBuildPhase;
			buildActionMask = 2147483647;
			files = (
			);
			runOnlyForDeploymentPostprocessing = 0;
		};
/* End PBXFrameworksBuildPhase section */

/* Begin PBXGroup section */
		D907EED222A5EC81003CB080 = {
			isa = PBXGroup;
			children = (
				D907EEDD22A5EC81003CB080 /* spotify-ios-quick-start */,
				D907EEDC22A5EC81003CB080 /* Products */,
			);
			sourceTree = "<group>";
		};
		D907EEDC22A5EC81003CB080 /* Products */ = {
			isa = PBXGroup;
			children = (
				D907EEDB22A5EC81003CB080 /* spotify-ios-quick-start.app */,
			);
			name = Products;
			sourceTree = "<group>";
		};
		D907EEDD22A5EC81003CB080 /* spotify-ios-quick-start */ = {
			isa = PBXGroup;
			children = (
				D907EEDE22A5EC81003CB080 /* AppDelegate.swift */,
				D907EEE022A5EC81003CB080 /* ViewController.swift */,
				D907EEE222A5EC81003CB080 /* Main.storyboard */,
				D907EEE822A5EC83003CB080 /* Assets.xcassets */,
				D907EEEA22A5EC83003CB080 /* LaunchScreen.storyboard */,
				D907EEED22A5EC83003CB080 /* Info.plist */,
				D907EEE522A5EC81003CB080 /* spotify_ios_quick_start.xcdatamodeld */,
			);
			path = "spotify-ios-quick-start";
			sourceTree = "<group>";
		};
/* End PBXGroup section */

/* Begin PBXNativeTarget section */
		D907EEDA22A5EC81003CB080 /* spotify-ios-quick-start */ = {
			isa = PBXNativeTarget;
			buildConfigurationList = D907EEF022A5EC83003CB080 /* Build configuration list for PBXNativeTarget "spotify-ios-quick-start" */;
			buildPhases = (
				D907EED722A5EC81003CB080 /* Sources */,
				D907EED822A5EC81003CB080 /* Frameworks */,
				D907EED922A5EC81003CB080 /* Resources */,
			);
			buildRules = (
			);
			dependencies = (
			);
			name = "spotify-ios-quick-start";
			productName = "spotify-ios-quick-start";
			productReference = D907EEDB22A5EC81003CB080 /* spotify-ios-quick-start.app */;
			productType = "com.apple.product-type.application";
		};
/* End PBXNativeTarget section */

/* Begin PBXProject section */
		D907EED322A5EC81003CB080 /* Project object */ = {
			isa = PBXProject;
			attributes = {
				LastSwiftUpdateCheck = 1020;
				LastUpgradeCheck = 1020;
				ORGANIZATIONNAME = "Nicole Howard";
				TargetAttributes = {
					D907EEDA22A5EC81003CB080 = {
						CreatedOnToolsVersion = 10.2.1;
					};
				};
			};
			buildConfigurationList = D907EED622A5EC81003CB080 /* Build configuration list for PBXProject "spotify-ios-quick-start" */;
			compatibilityVersion = "Xcode 9.3";
			developmentRegion = en;
			hasScannedForEncodings = 0;
			knownRegions = (
				en,
				Base,
			);
			mainGroup = D907EED222A5EC81003CB080;
			productRefGroup = D907EEDC22A5EC81003CB080 /* Products */;
			projectDirPath = "";
			projectRoot = "";
			targets = (
				D907EEDA22A5EC81003CB080 /* spotify-ios-quick-start */,
			);
		};
/* End PBXProject section */

/* Begin PBXResourcesBuildPhase section */
		D907EED922A5EC81003CB080 /* Resources */ = {
			isa = PBXResourcesBuildPhase;
			buildActionMask = 2147483647;
			files = (
				D907EEEC22A5EC83003CB080 /* LaunchScreen.storyboard in Resources */,
				D907EEE922A5EC83003CB080 /* Assets.xcassets in Resources */,
				D907EEE422A5EC81003CB080 /* Main.storyboard in Resources */,
			);
			runOnlyForDeploymentPostprocessing = 0;
		};
/* End PBXResourcesBuildPhase section */

/* Begin PBXSourcesBuildPhase section */
		D907EED722A5EC81003CB080 /* Sources */ = {
			isa = PBXSourcesBuildPhase;
			buildActionMask = 2147483647;
			files = (
				D907EEE722A5EC81003CB080 /* spotify_ios_quick_start.xcdatamodeld in Sources */,
				D907EEE122A5EC81003CB080 /* ViewController.swift in Sources */,
				D907EEDF22A5EC81003CB080 /* AppDelegate.swift in Sources */,
			);
			runOnlyForDeploymentPostprocessing = 0;
		};
/* End PBXSourcesBuildPhase section */

/* Begin PBXVariantGroup section */
		D907EEE222A5EC81003CB080 /* Main.storyboard */ = {
			isa = PBXVariantGroup;
			children = (
				D907EEE322A5EC81003CB080 /* Base */,
			);
			name = Main.storyboard;
			sourceTree = "<group>";
		};
		D907EEEA22A5EC83003CB080 /* LaunchScreen.storyboard */ = {
			isa = PBXVariantGroup;
			children = (
				D907EEEB22A5EC83003CB080 /* Base */,
			);
			name = LaunchScreen.storyboard;
			sourceTree = "<group>";
		};
/* End PBXVariantGroup section */

/* Begin XCBuildConfiguration section */
		D907EEEE22A5EC83003CB080 /* Debug */ = {
			isa = XCBuildConfiguration;
			buildSettings = {
				ALWAYS_SEARCH_USER_PATHS = NO;
				CLANG_ANALYZER_NONNULL = YES;
				CLANG_ANALYZER_NUMBER_OBJECT_CONVERSION = YES_AGGRESSIVE;
				CLANG_CXX_LANGUAGE_STANDARD = "gnu++14";
				CLANG_CXX_LIBRARY = "libc++";
				CLANG_ENABLE_MODULES = YES;
				CLANG_ENABLE_OBJC_ARC = YES;
				CLANG_ENABLE_OBJC_WEAK = YES;
				CLANG_WARN_BLOCK_CAPTURE_AUTORELEASING = YES;
				CLANG_WARN_BOOL_CONVERSION = YES;
				CLANG_WARN_COMMA = YES;
				CLANG_WARN_CONSTANT_CONVERSION = YES;
				CLANG_WARN_DEPRECATED_OBJC_IMPLEMENTATIONS = YES;
				CLANG_WARN_DIRECT_OBJC_ISA_USAGE = YES_ERROR;
				CLANG_WARN_DOCUMENTATION_COMMENTS = YES;
				CLANG_WARN_EMPTY_BODY = YES;
				CLANG_WARN_ENUM_CONVERSION = YES;
				CLANG_WARN_INFINITE_RECURSION = YES;
				CLANG_WARN_INT_CONVERSION = YES;
				CLANG_WARN_NON_LITERAL_NULL_CONVERSION = YES;
				CLANG_WARN_OBJC_IMPLICIT_RETAIN_SELF = YES;
				CLANG_WARN_OBJC_LITERAL_CONVERSION = YES;
				CLANG_WARN_OBJC_ROOT_CLASS = YES_ERROR;
				CLANG_WARN_RANGE_LOOP_ANALYSIS = YES;
				CLANG_WARN_STRICT_PROTOTYPES = YES;
				CLANG_WARN_SUSPICIOUS_MOVE = YES;
				CLANG_WARN_UNGUARDED_AVAILABILITY = YES_AGGRESSIVE;
				CLANG_WARN_UNREACHABLE_CODE = YES;
				CLANG_WARN__DUPLICATE_METHOD_MATCH = YES;
				CODE_SIGN_IDENTITY = "iPhone Developer";
				COPY_PHASE_STRIP = NO;
				DEBUG_INFORMATION_FORMAT = dwarf;
				ENABLE_STRICT_OBJC_MSGSEND = YES;
				ENABLE_TESTABILITY = YES;
				GCC_C_LANGUAGE_STANDARD = gnu11;
				GCC_DYNAMIC_NO_PIC = NO;
				GCC_NO_COMMON_BLOCKS = YES;
				GCC_OPTIMIZATION_LEVEL = 0;
				GCC_PREPROCESSOR_DEFINITIONS = (
					"DEBUG=1",
					"$(inherited)",
				);
				GCC_WARN_64_TO_32_BIT_CONVERSION = YES;
				GCC_WARN_ABOUT_RETURN_TYPE = YES_ERROR;
				GCC_WARN_UNDECLARED_SELECTOR = YES;
				GCC_WARN_UNINITIALIZED_AUTOS = YES_AGGRESSIVE;
				GCC_WARN_UNUSED_FUNCTION = YES;
				GCC_WARN_UNUSED_VARIABLE = YES;
				IPHONEOS_DEPLOYMENT_TARGET = 12.2;
				MTL_ENABLE_DEBUG_INFO = INCLUDE_SOURCE;
				MTL_FAST_MATH = YES;
				ONLY_ACTIVE_ARCH = YES;
				SDKROOT = iphoneos;
				SWIFT_ACTIVE_COMPILATION_CONDITIONS = DEBUG;
				SWIFT_OPTIMIZATION_LEVEL = "-Onone";
			};
			name = Debug;
		};
		D907EEEF22A5EC83003CB080 /* Release */ = {
			isa = XCBuildConfiguration;
			buildSettings = {
				ALWAYS_SEARCH_USER_PATHS = NO;
				CLANG_ANALYZER_NONNULL = YES;
				CLANG_ANALYZER_NUMBER_OBJECT_CONVERSION = YES_AGGRESSIVE;
				CLANG_CXX_LANGUAGE_STANDARD = "gnu++14";
				CLANG_CXX_LIBRARY = "libc++";
				CLANG_ENABLE_MODULES = YES;
				CLANG_ENABLE_OBJC_ARC = YES;
				CLANG_ENABLE_OBJC_WEAK = YES;
				CLANG_WARN_BLOCK_CAPTURE_AUTORELEASING = YES;
				CLANG_WARN_BOOL_CONVERSION = YES;
				CLANG_WARN_COMMA = YES;
				CLANG_WARN_CONSTANT_CONVERSION = YES;
				CLANG_WARN_DEPRECATED_OBJC_IMPLEMENTATIONS = YES;
				CLANG_WARN_DIRECT_OBJC_ISA_USAGE = YES_ERROR;
				CLANG_WARN_DOCUMENTATION_COMMENTS = YES;
				CLANG_WARN_EMPTY_BODY = YES;
				CLANG_WARN_ENUM_CONVERSION = YES;
				CLANG_WARN_INFINITE_RECURSION = YES;
				CLANG_WARN_INT_CONVERSION = YES;
				CLANG_WARN_NON_LITERAL_NULL_CONVERSION = YES;
				CLANG_WARN_OBJC_IMPLICIT_RETAIN_SELF = YES;
				CLANG_WARN_OBJC_LITERAL_CONVERSION = YES;
				CLANG_WARN_OBJC_ROOT_CLASS = YES_ERROR;
				CLANG_WARN_RANGE_LOOP_ANALYSIS = YES;
				CLANG_WARN_STRICT_PROTOTYPES = YES;
				CLANG_WARN_SUSPICIOUS_MOVE = YES;
				CLANG_WARN_UNGUARDED_AVAILABILITY = YES_AGGRESSIVE;
				CLANG_WARN_UNREACHABLE_CODE = YES;
				CLANG_WARN__DUPLICATE_METHOD_MATCH = YES;
				CODE_SIGN_IDENTITY = "iPhone Developer";
				COPY_PHASE_STRIP = NO;
				DEBUG_INFORMATION_FORMAT = "dwarf-with-dsym";
				ENABLE_NS_ASSERTIONS = NO;
				ENABLE_STRICT_OBJC_MSGSEND = YES;
				GCC_C_LANGUAGE_STANDARD = gnu11;
				GCC_NO_COMMON_BLOCKS = YES;
				GCC_WARN_64_TO_32_BIT_CONVERSION = YES;
				GCC_WARN_ABOUT_RETURN_TYPE = YES_ERROR;
				GCC_WARN_UNDECLARED_SELECTOR = YES;
				GCC_WARN_UNINITIALIZED_AUTOS = YES_AGGRESSIVE;
				GCC_WARN_UNUSED_FUNCTION = YES;
				GCC_WARN_UNUSED_VARIABLE = YES;
				IPHONEOS_DEPLOYMENT_TARGET = 12.2;
				MTL_ENABLE_DEBUG_INFO = NO;
				MTL_FAST_MATH = YES;
				SDKROOT = iphoneos;
				SWIFT_COMPILATION_MODE = wholemodule;
				SWIFT_OPTIMIZATION_LEVEL = "-O";
				VALIDATE_PRODUCT = YES;
			};
			name = Release;
		};
		D907EEF122A5EC83003CB080 /* Debug */ = {
			isa = XCBuildConfiguration;
			buildSettings = {
				ASSETCATALOG_COMPILER_APPICON_NAME = AppIcon;
				CODE_SIGN_STYLE = Automatic;
				DEVELOPMENT_TEAM = T7TU2G7XUP;
				INFOPLIST_FILE = "spotify-ios-quick-start/Info.plist";
				LD_RUNPATH_SEARCH_PATHS = (
					"$(inherited)",
					"@executable_path/Frameworks",
				);
				PRODUCT_BUNDLE_IDENTIFIER = "com.nicolehoward.spotify-ios-quick-start";
				PRODUCT_NAME = "$(TARGET_NAME)";
				SWIFT_VERSION = 5.0;
				TARGETED_DEVICE_FAMILY = "1,2";
			};
			name = Debug;
		};
		D907EEF222A5EC83003CB080 /* Release */ = {
			isa = XCBuildConfiguration;
			buildSettings = {
				ASSETCATALOG_COMPILER_APPICON_NAME = AppIcon;
				CODE_SIGN_STYLE = Automatic;
				DEVELOPMENT_TEAM = T7TU2G7XUP;
				INFOPLIST_FILE = "spotify-ios-quick-start/Info.plist";
				LD_RUNPATH_SEARCH_PATHS = (
					"$(inherited)",
					"@executable_path/Frameworks",
				);
				PRODUCT_BUNDLE_IDENTIFIER = "com.nicolehoward.spotify-ios-quick-start";
				PRODUCT_NAME = "$(TARGET_NAME)";
				SWIFT_VERSION = 5.0;
				TARGETED_DEVICE_FAMILY = "1,2";
			};
			name = Release;
		};
/* End XCBuildConfiguration section */

/* Begin XCConfigurationList section */
		D907EED622A5EC81003CB080 /* Build configuration list for PBXProject "spotify-ios-quick-start" */ = {
			isa = XCConfigurationList;
			buildConfigurations = (
				D907EEEE22A5EC83003CB080 /* Debug */,
				D907EEEF22A5EC83003CB080 /* Release */,
			);
			defaultConfigurationIsVisible = 0;
			defaultConfigurationName = Release;
		};
		D907EEF022A5EC83003CB080 /* Build configuration list for PBXNativeTarget "spotify-ios-quick-start" */ = {
			isa = XCConfigurationList;
			buildConfigurations = (
				D907EEF122A5EC83003CB080 /* Debug */,
				D907EEF222A5EC83003CB080 /* Release */,
			);
			defaultConfigurationIsVisible = 0;
			defaultConfigurationName = Release;
		};
/* End XCConfigurationList section */

/* Begin XCVersionGroup section */
		D907EEE522A5EC81003CB080 /* spotify_ios_quick_start.xcdatamodeld */ = {
			isa = XCVersionGroup;
			children = (
				D907EEE622A5EC81003CB080 /* spotify_ios_quick_start.xcdatamodel */,
			);
			currentVersion = D907EEE622A5EC81003CB080 /* spotify_ios_quick_start.xcdatamodel */;
			path = spotify_ios_quick_start.xcdatamodeld;
			sourceTree = "<group>";
			versionGroupType = wrapper.xcdatamodel;
		};
/* End XCVersionGroup section */
	};
	rootObject = D907EED322A5EC81003CB080 /* Project object */;
}
